// !$*UTF8*$!
{
	archiveVersion = 1;
	classes = {
	};
	objectVersion = 50;
	objects = {

/* Begin PBXBuildFile section */
		A5F24D18238C58ED00936BCC /* AppDelegate.swift in Sources */ = {isa = PBXBuildFile; fileRef = A5F24D17238C58ED00936BCC /* AppDelegate.swift */; };
		A5F24D1A238C58ED00936BCC /* SceneDelegate.swift in Sources */ = {isa = PBXBuildFile; fileRef = A5F24D19238C58ED00936BCC /* SceneDelegate.swift */; };
		A5F24D1C238C58ED00936BCC /* ViewController.swift in Sources */ = {isa = PBXBuildFile; fileRef = A5F24D1B238C58ED00936BCC /* ViewController.swift */; };
		A5F24D1F238C58ED00936BCC /* Main.storyboard in Resources */ = {isa = PBXBuildFile; fileRef = A5F24D1D238C58ED00936BCC /* Main.storyboard */; };
		A5F24D21238C58F000936BCC /* Assets.xcassets in Resources */ = {isa = PBXBuildFile; fileRef = A5F24D20238C58F000936BCC /* Assets.xcassets */; };
		A5F24D24238C58F000936BCC /* LaunchScreen.storyboard in Resources */ = {isa = PBXBuildFile; fileRef = A5F24D22238C58F000936BCC /* LaunchScreen.storyboard */; };
		A5F24D2F238C58F100936BCC /* CatchTheKennyTests.swift in Sources */ = {isa = PBXBuildFile; fileRef = A5F24D2E238C58F100936BCC /* CatchTheKennyTests.swift */; };
		A5F24D3A238C58F100936BCC /* CatchTheKennyUITests.swift in Sources */ = {isa = PBXBuildFile; fileRef = A5F24D39238C58F100936BCC /* CatchTheKennyUITests.swift */; };
/* End PBXBuildFile section */

/* Begin PBXContainerItemProxy section */
		A5F24D2B238C58F100936BCC /* PBXContainerItemProxy */ = {
			isa = PBXContainerItemProxy;
			containerPortal = A5F24D0C238C58ED00936BCC /* Project object */;
			proxyType = 1;
			remoteGlobalIDString = A5F24D13238C58ED00936BCC;
			remoteInfo = CatchTheKenny;
		};
		A5F24D36238C58F100936BCC /* PBXContainerItemProxy */ = {
			isa = PBXContainerItemProxy;
			containerPortal = A5F24D0C238C58ED00936BCC /* Project object */;
			proxyType = 1;
			remoteGlobalIDString = A5F24D13238C58ED00936BCC;
			remoteInfo = CatchTheKenny;
		};
/* End PBXContainerItemProxy section */

/* Begin PBXFileReference section */
		A5F24D14238C58ED00936BCC /* CatchTheKenny.app */ = {isa = PBXFileReference; explicitFileType = wrapper.application; includeInIndex = 0; path = CatchTheKenny.app; sourceTree = BUILT_PRODUCTS_DIR; };
		A5F24D17238C58ED00936BCC /* AppDelegate.swift */ = {isa = PBXFileReference; lastKnownFileType = sourcecode.swift; path = AppDelegate.swift; sourceTree = "<group>"; };
		A5F24D19238C58ED00936BCC /* SceneDelegate.swift */ = {isa = PBXFileReference; lastKnownFileType = sourcecode.swift; path = SceneDelegate.swift; sourceTree = "<group>"; };
		A5F24D1B238C58ED00936BCC /* ViewController.swift */ = {isa = PBXFileReference; lastKnownFileType = sourcecode.swift; path = ViewController.swift; sourceTree = "<group>"; };
		A5F24D1E238C58ED00936BCC /* Base */ = {isa = PBXFileReference; lastKnownFileType = file.storyboard; name = Base; path = Base.lproj/Main.storyboard; sourceTree = "<group>"; };
		A5F24D20238C58F000936BCC /* Assets.xcassets */ = {isa = PBXFileReference; lastKnownFileType = folder.assetcatalog; path = Assets.xcassets; sourceTree = "<group>"; };
		A5F24D23238C58F000936BCC /* Base */ = {isa = PBXFileReference; lastKnownFileType = file.storyboard; name = Base; path = Base.lproj/LaunchScreen.storyboard; sourceTree = "<group>"; };
		A5F24D25238C58F000936BCC /* Info.plist */ = {isa = PBXFileReference; lastKnownFileType = text.plist.xml; path = Info.plist; sourceTree = "<group>"; };
		A5F24D2A238C58F100936BCC /* CatchTheKennyTests.xctest */ = {isa = PBXFileReference; explicitFileType = wrapper.cfbundle; includeInIndex = 0; path = CatchTheKennyTests.xctest; sourceTree = BUILT_PRODUCTS_DIR; };
		A5F24D2E238C58F100936BCC /* CatchTheKennyTests.swift */ = {isa = PBXFileReference; lastKnownFileType = sourcecode.swift; path = CatchTheKennyTests.swift; sourceTree = "<group>"; };
		A5F24D30238C58F100936BCC /* Info.plist */ = {isa = PBXFileReference; lastKnownFileType = text.plist.xml; path = Info.plist; sourceTree = "<group>"; };
		A5F24D35238C58F100936BCC /* CatchTheKennyUITests.xctest */ = {isa = PBXFileReference; explicitFileType = wrapper.cfbundle; includeInIndex = 0; path = CatchTheKennyUITests.xctest; sourceTree = BUILT_PRODUCTS_DIR; };
		A5F24D39238C58F100936BCC /* CatchTheKennyUITests.swift */ = {isa = PBXFileReference; lastKnownFileType = sourcecode.swift; path = CatchTheKennyUITests.swift; sourceTree = "<group>"; };
		A5F24D3B238C58F100936BCC /* Info.plist */ = {isa = PBXFileReference; lastKnownFileType = text.plist.xml; path = Info.plist; sourceTree = "<group>"; };
/* End PBXFileReference section */

/* Begin PBXFrameworksBuildPhase section */
		A5F24D11238C58ED00936BCC /* Frameworks */ = {
			isa = PBXFrameworksBuildPhase;
			buildActionMask = 2147483647;
			files = (
			);
			runOnlyForDeploymentPostprocessing = 0;
		};
		A5F24D27238C58F100936BCC /* Frameworks */ = {
			isa = PBXFrameworksBuildPhase;
			buildActionMask = 2147483647;
			files = (
			);
			runOnlyForDeploymentPostprocessing = 0;
		};
		A5F24D32238C58F100936BCC /* Frameworks */ = {
			isa = PBXFrameworksBuildPhase;
			buildActionMask = 2147483647;
			files = (
			);
			runOnlyForDeploymentPostprocessing = 0;
		};
/* End PBXFrameworksBuildPhase section */

/* Begin PBXGroup section */
		A5F24D0B238C58ED00936BCC = {
			isa = PBXGroup;
			children = (
				A5F24D16238C58ED00936BCC /* CatchTheKenny */,
				A5F24D2D238C58F100936BCC /* CatchTheKennyTests */,
				A5F24D38238C58F100936BCC /* CatchTheKennyUITests */,
				A5F24D15238C58ED00936BCC /* Products */,
			);
			sourceTree = "<group>";
		};
		A5F24D15238C58ED00936BCC /* Products */ = {
			isa = PBXGroup;
			children = (
				A5F24D14238C58ED00936BCC /* CatchTheKenny.app */,
				A5F24D2A238C58F100936BCC /* CatchTheKennyTests.xctest */,
				A5F24D35238C58F100936BCC /* CatchTheKennyUITests.xctest */,
			);
			name = Products;
			sourceTree = "<group>";
		};
		A5F24D16238C58ED00936BCC /* CatchTheKenny */ = {
			isa = PBXGroup;
			children = (
				A5F24D17238C58ED00936BCC /* AppDelegate.swift */,
				A5F24D19238C58ED00936BCC /* SceneDelegate.swift */,
				A5F24D1B238C58ED00936BCC /* ViewController.swift */,
				A5F24D1D238C58ED00936BCC /* Main.storyboard */,
				A5F24D20238C58F000936BCC /* Assets.xcassets */,
				A5F24D22238C58F000936BCC /* LaunchScreen.storyboard */,
				A5F24D25238C58F000936BCC /* Info.plist */,
			);
			path = CatchTheKenny;
			sourceTree = "<group>";
		};
		A5F24D2D238C58F100936BCC /* CatchTheKennyTests */ = {
			isa = PBXGroup;
			children = (
				A5F24D2E238C58F100936BCC /* CatchTheKennyTests.swift */,
				A5F24D30238C58F100936BCC /* Info.plist */,
			);
			path = CatchTheKennyTests;
			sourceTree = "<group>";
		};
		A5F24D38238C58F100936BCC /* CatchTheKennyUITests */ = {
			isa = PBXGroup;
			children = (
				A5F24D39238C58F100936BCC /* CatchTheKennyUITests.swift */,
				A5F24D3B238C58F100936BCC /* Info.plist */,
			);
			path = CatchTheKennyUITests;
			sourceTree = "<group>";
		};
/* End PBXGroup section */

/* Begin PBXNativeTarget section */
		A5F24D13238C58ED00936BCC /* CatchTheKenny */ = {
			isa = PBXNativeTarget;
			buildConfigurationList = A5F24D3E238C58F100936BCC /* Build configuration list for PBXNativeTarget "CatchTheKenny" */;
			buildPhases = (
				A5F24D10238C58ED00936BCC /* Sources */,
				A5F24D11238C58ED00936BCC /* Frameworks */,
				A5F24D12238C58ED00936BCC /* Resources */,
			);
			buildRules = (
			);
			dependencies = (
			);
			name = CatchTheKenny;
			productName = CatchTheKenny;
			productReference = A5F24D14238C58ED00936BCC /* CatchTheKenny.app */;
			productType = "com.apple.product-type.application";
		};
		A5F24D29238C58F100936BCC /* CatchTheKennyTests */ = {
			isa = PBXNativeTarget;
			buildConfigurationList = A5F24D41238C58F100936BCC /* Build configuration list for PBXNativeTarget "CatchTheKennyTests" */;
			buildPhases = (
				A5F24D26238C58F100936BCC /* Sources */,
				A5F24D27238C58F100936BCC /* Frameworks */,
				A5F24D28238C58F100936BCC /* Resources */,
			);
			buildRules = (
			);
			dependencies = (
				A5F24D2C238C58F100936BCC /* PBXTargetDependency */,
			);
			name = CatchTheKennyTests;
			productName = CatchTheKennyTests;
			productReference = A5F24D2A238C58F100936BCC /* CatchTheKennyTests.xctest */;
			productType = "com.apple.product-type.bundle.unit-test";
		};
		A5F24D34238C58F100936BCC /* CatchTheKennyUITests */ = {
			isa = PBXNativeTarget;
			buildConfigurationList = A5F24D44238C58F100936BCC /* Build configuration list for PBXNativeTarget "CatchTheKennyUITests" */;
			buildPhases = (
				A5F24D31238C58F100936BCC /* Sources */,
				A5F24D32238C58F100936BCC /* Frameworks */,
				A5F24D33238C58F100936BCC /* Resources */,
			);
			buildRules = (
			);
			dependencies = (
				A5F24D37238C58F100936BCC /* PBXTargetDependency */,
			);
			name = CatchTheKennyUITests;
			productName = CatchTheKennyUITests;
			productReference = A5F24D35238C58F100936BCC /* CatchTheKennyUITests.xctest */;
			productType = "com.apple.product-type.bundle.ui-testing";
		};
/* End PBXNativeTarget section */

/* Begin PBXProject section */
		A5F24D0C238C58ED00936BCC /* Project object */ = {
			isa = PBXProject;
			attributes = {
				LastSwiftUpdateCheck = 1120;
				LastUpgradeCheck = 1120;
				ORGANIZATIONNAME = "Kashish Bhutani";
				TargetAttributes = {
					A5F24D13238C58ED00936BCC = {
						CreatedOnToolsVersion = 11.2.1;
					};
					A5F24D29238C58F100936BCC = {
						CreatedOnToolsVersion = 11.2.1;
						TestTargetID = A5F24D13238C58ED00936BCC;
					};
					A5F24D34238C58F100936BCC = {
						CreatedOnToolsVersion = 11.2.1;
						TestTargetID = A5F24D13238C58ED00936BCC;
					};
				};
			};
			buildConfigurationList = A5F24D0F238C58ED00936BCC /* Build configuration list for PBXProject "CatchTheKenny" */;
			compatibilityVersion = "Xcode 9.3";
			developmentRegion = en;
			hasScannedForEncodings = 0;
			knownRegions = (
				en,
				Base,
			);
			mainGroup = A5F24D0B238C58ED00936BCC;
			productRefGroup = A5F24D15238C58ED00936BCC /* Products */;
			projectDirPath = "";
			projectRoot = "";
			targets = (
				A5F24D13238C58ED00936BCC /* CatchTheKenny */,
				A5F24D29238C58F100936BCC /* CatchTheKennyTests */,
				A5F24D34238C58F100936BCC /* CatchTheKennyUITests */,
			);
		};
/* End PBXProject section */

/* Begin PBXResourcesBuildPhase section */
		A5F24D12238C58ED00936BCC /* Resources */ = {
			isa = PBXResourcesBuildPhase;
			buildActionMask = 2147483647;
			files = (
				A5F24D24238C58F000936BCC /* LaunchScreen.storyboard in Resources */,
				A5F24D21238C58F000936BCC /* Assets.xcassets in Resources */,
				A5F24D1F238C58ED00936BCC /* Main.storyboard in Resources */,
			);
			runOnlyForDeploymentPostprocessing = 0;
		};
		A5F24D28238C58F100936BCC /* Resources */ = {
			isa = PBXResourcesBuildPhase;
			buildActionMask = 2147483647;
			files = (
			);
			runOnlyForDeploymentPostprocessing = 0;
		};
		A5F24D33238C58F100936BCC /* Resources */ = {
			isa = PBXResourcesBuildPhase;
			buildActionMask = 2147483647;
			files = (
			);
			runOnlyForDeploymentPostprocessing = 0;
		};
/* End PBXResourcesBuildPhase section */

/* Begin PBXSourcesBuildPhase section */
		A5F24D10238C58ED00936BCC /* Sources */ = {
			isa = PBXSourcesBuildPhase;
			buildActionMask = 2147483647;
			files = (
				A5F24D1C238C58ED00936BCC /* ViewController.swift in Sources */,
				A5F24D18238C58ED00936BCC /* AppDelegate.swift in Sources */,
				A5F24D1A238C58ED00936BCC /* SceneDelegate.swift in Sources */,
			);
			runOnlyForDeploymentPostprocessing = 0;
		};
		A5F24D26238C58F100936BCC /* Sources */ = {
			isa = PBXSourcesBuildPhase;
			buildActionMask = 2147483647;
			files = (
				A5F24D2F238C58F100936BCC /* CatchTheKennyTests.swift in Sources */,
			);
			runOnlyForDeploymentPostprocessing = 0;
		};
		A5F24D31238C58F100936BCC /* Sources */ = {
			isa = PBXSourcesBuildPhase;
			buildActionMask = 2147483647;
			files = (
				A5F24D3A238C58F100936BCC /* CatchTheKennyUITests.swift in Sources */,
			);
			runOnlyForDeploymentPostprocessing = 0;
		};
/* End PBXSourcesBuildPhase section */

/* Begin PBXTargetDependency section */
		A5F24D2C238C58F100936BCC /* PBXTargetDependency */ = {
			isa = PBXTargetDependency;
			target = A5F24D13238C58ED00936BCC /* CatchTheKenny */;
			targetProxy = A5F24D2B238C58F100936BCC /* PBXContainerItemProxy */;
		};
		A5F24D37238C58F100936BCC /* PBXTargetDependency */ = {
			isa = PBXTargetDependency;
			target = A5F24D13238C58ED00936BCC /* CatchTheKenny */;
			targetProxy = A5F24D36238C58F100936BCC /* PBXContainerItemProxy */;
		};
/* End PBXTargetDependency section */

/* Begin PBXVariantGroup section */
		A5F24D1D238C58ED00936BCC /* Main.storyboard */ = {
			isa = PBXVariantGroup;
			children = (
				A5F24D1E238C58ED00936BCC /* Base */,
			);
			name = Main.storyboard;
			sourceTree = "<group>";
		};
		A5F24D22238C58F000936BCC /* LaunchScreen.storyboard */ = {
			isa = PBXVariantGroup;
			children = (
				A5F24D23238C58F000936BCC /* Base */,
			);
			name = LaunchScreen.storyboard;
			sourceTree = "<group>";
		};
/* End PBXVariantGroup section */

/* Begin XCBuildConfiguration section */
		A5F24D3C238C58F100936BCC /* Debug */ = {
			isa = XCBuildConfiguration;
			buildSettings = {
				ALWAYS_SEARCH_USER_PATHS = NO;
				CLANG_ANALYZER_NONNULL = YES;
				CLANG_ANALYZER_NUMBER_OBJECT_CONVERSION = YES_AGGRESSIVE;
				CLANG_CXX_LANGUAGE_STANDARD = "gnu++14";
				CLANG_CXX_LIBRARY = "libc++";
				CLANG_ENABLE_MODULES = YES;
				CLANG_ENABLE_OBJC_ARC = YES;
				CLANG_ENABLE_OBJC_WEAK = YES;
				CLANG_WARN_BLOCK_CAPTURE_AUTORELEASING = YES;
				CLANG_WARN_BOOL_CONVERSION = YES;
				CLANG_WARN_COMMA = YES;
				CLANG_WARN_CONSTANT_CONVERSION = YES;
				CLANG_WARN_DEPRECATED_OBJC_IMPLEMENTATIONS = YES;
				CLANG_WARN_DIRECT_OBJC_ISA_USAGE = YES_ERROR;
				CLANG_WARN_DOCUMENTATION_COMMENTS = YES;
				CLANG_WARN_EMPTY_BODY = YES;
				CLANG_WARN_ENUM_CONVERSION = YES;
				CLANG_WARN_INFINITE_RECURSION = YES;
				CLANG_WARN_INT_CONVERSION = YES;
				CLANG_WARN_NON_LITERAL_NULL_CONVERSION = YES;
				CLANG_WARN_OBJC_IMPLICIT_RETAIN_SELF = YES;
				CLANG_WARN_OBJC_LITERAL_CONVERSION = YES;
				CLANG_WARN_OBJC_ROOT_CLASS = YES_ERROR;
				CLANG_WARN_RANGE_LOOP_ANALYSIS = YES;
				CLANG_WARN_STRICT_PROTOTYPES = YES;
				CLANG_WARN_SUSPICIOUS_MOVE = YES;
				CLANG_WARN_UNGUARDED_AVAILABILITY = YES_AGGRESSIVE;
				CLANG_WARN_UNREACHABLE_CODE = YES;
				CLANG_WARN__DUPLICATE_METHOD_MATCH = YES;
				COPY_PHASE_STRIP = NO;
				DEBUG_INFORMATION_FORMAT = dwarf;
				ENABLE_STRICT_OBJC_MSGSEND = YES;
				ENABLE_TESTABILITY = YES;
				GCC_C_LANGUAGE_STANDARD = gnu11;
				GCC_DYNAMIC_NO_PIC = NO;
				GCC_NO_COMMON_BLOCKS = YES;
				GCC_OPTIMIZATION_LEVEL = 0;
				GCC_PREPROCESSOR_DEFINITIONS = (
					"DEBUG=1",
					"$(inherited)",
				);
				GCC_WARN_64_TO_32_BIT_CONVERSION = YES;
				GCC_WARN_ABOUT_RETURN_TYPE = YES_ERROR;
				GCC_WARN_UNDECLARED_SELECTOR = YES;
				GCC_WARN_UNINITIALIZED_AUTOS = YES_AGGRESSIVE;
				GCC_WARN_UNUSED_FUNCTION = YES;
				GCC_WARN_UNUSED_VARIABLE = YES;
				IPHONEOS_DEPLOYMENT_TARGET = 13.2;
				MTL_ENABLE_DEBUG_INFO = INCLUDE_SOURCE;
				MTL_FAST_MATH = YES;
				ONLY_ACTIVE_ARCH = YES;
				SDKROOT = iphoneos;
				SWIFT_ACTIVE_COMPILATION_CONDITIONS = DEBUG;
				SWIFT_OPTIMIZATION_LEVEL = "-Onone";
			};
			name = Debug;
		};
		A5F24D3D238C58F100936BCC /* Release */ = {
			isa = XCBuildConfiguration;
			buildSettings = {
				ALWAYS_SEARCH_USER_PATHS = NO;
				CLANG_ANALYZER_NONNULL = YES;
				CLANG_ANALYZER_NUMBER_OBJECT_CONVERSION = YES_AGGRESSIVE;
				CLANG_CXX_LANGUAGE_STANDARD = "gnu++14";
				CLANG_CXX_LIBRARY = "libc++";
				CLANG_ENABLE_MODULES = YES;
				CLANG_ENABLE_OBJC_ARC = YES;
				CLANG_ENABLE_OBJC_WEAK = YES;
				CLANG_WARN_BLOCK_CAPTURE_AUTORELEASING = YES;
				CLANG_WARN_BOOL_CONVERSION = YES;
				CLANG_WARN_COMMA = YES;
				CLANG_WARN_CONSTANT_CONVERSION = YES;
				CLANG_WARN_DEPRECATED_OBJC_IMPLEMENTATIONS = YES;
				CLANG_WARN_DIRECT_OBJC_ISA_USAGE = YES_ERROR;
				CLANG_WARN_DOCUMENTATION_COMMENTS = YES;
				CLANG_WARN_EMPTY_BODY = YES;
				CLANG_WARN_ENUM_CONVERSION = YES;
				CLANG_WARN_INFINITE_RECURSION = YES;
				CLANG_WARN_INT_CONVERSION = YES;
				CLANG_WARN_NON_LITERAL_NULL_CONVERSION = YES;
				CLANG_WARN_OBJC_IMPLICIT_RETAIN_SELF = YES;
				CLANG_WARN_OBJC_LITERAL_CONVERSION = YES;
				CLANG_WARN_OBJC_ROOT_CLASS = YES_ERROR;
				CLANG_WARN_RANGE_LOOP_ANALYSIS = YES;
				CLANG_WARN_STRICT_PROTOTYPES = YES;
				CLANG_WARN_SUSPICIOUS_MOVE = YES;
				CLANG_WARN_UNGUARDED_AVAILABILITY = YES_AGGRESSIVE;
				CLANG_WARN_UNREACHABLE_CODE = YES;
				CLANG_WARN__DUPLICATE_METHOD_MATCH = YES;
				COPY_PHASE_STRIP = NO;
				DEBUG_INFORMATION_FORMAT = "dwarf-with-dsym";
				ENABLE_NS_ASSERTIONS = NO;
				ENABLE_STRICT_OBJC_MSGSEND = YES;
				GCC_C_LANGUAGE_STANDARD = gnu11;
				GCC_NO_COMMON_BLOCKS = YES;
				GCC_WARN_64_TO_32_BIT_CONVERSION = YES;
				GCC_WARN_ABOUT_RETURN_TYPE = YES_ERROR;
				GCC_WARN_UNDECLARED_SELECTOR = YES;
				GCC_WARN_UNINITIALIZED_AUTOS = YES_AGGRESSIVE;
				GCC_WARN_UNUSED_FUNCTION = YES;
				GCC_WARN_UNUSED_VARIABLE = YES;
				IPHONEOS_DEPLOYMENT_TARGET = 13.2;
				MTL_ENABLE_DEBUG_INFO = NO;
				MTL_FAST_MATH = YES;
				SDKROOT = iphoneos;
				SWIFT_COMPILATION_MODE = wholemodule;
				SWIFT_OPTIMIZATION_LEVEL = "-O";
				VALIDATE_PRODUCT = YES;
			};
			name = Release;
		};
		A5F24D3F238C58F100936BCC /* Debug */ = {
			isa = XCBuildConfiguration;
			buildSettings = {
				ASSETCATALOG_COMPILER_APPICON_NAME = AppIcon;
				CODE_SIGN_STYLE = Automatic;
				DEVELOPMENT_TEAM = K5JKW77GZA;
				INFOPLIST_FILE = CatchTheKenny/Info.plist;
				LD_RUNPATH_SEARCH_PATHS = (
					"$(inherited)",
					"@executable_path/Frameworks",
				);
				PRODUCT_BUNDLE_IDENTIFIER = com.kashishbhutani.CatchTheKenny;
				PRODUCT_NAME = "$(TARGET_NAME)";
				SWIFT_VERSION = 5.0;
				TARGETED_DEVICE_FAMILY = "1,2";
			};
			name = Debug;
		};
		A5F24D40238C58F100936BCC /* Release */ = {
			isa = XCBuildConfiguration;
			buildSettings = {
				ASSETCATALOG_COMPILER_APPICON_NAME = AppIcon;
				CODE_SIGN_STYLE = Automatic;
				DEVELOPMENT_TEAM = K5JKW77GZA;
				INFOPLIST_FILE = CatchTheKenny/Info.plist;
				LD_RUNPATH_SEARCH_PATHS = (
					"$(inherited)",
					"@executable_path/Frameworks",
				);
				PRODUCT_BUNDLE_IDENTIFIER = com.kashishbhutani.CatchTheKenny;
				PRODUCT_NAME = "$(TARGET_NAME)";
				SWIFT_VERSION = 5.0;
				TARGETED_DEVICE_FAMILY = "1,2";
			};
			name = Release;
		};
		A5F24D42238C58F100936BCC /* Debug */ = {
			isa = XCBuildConfiguration;
			buildSettings = {
				ALWAYS_EMBED_SWIFT_STANDARD_LIBRARIES = YES;
				BUNDLE_LOADER = "$(TEST_HOST)";
				CODE_SIGN_STYLE = Automatic;
				DEVELOPMENT_TEAM = K5JKW77GZA;
				INFOPLIST_FILE = CatchTheKennyTests/Info.plist;
				IPHONEOS_DEPLOYMENT_TARGET = 13.2;
				LD_RUNPATH_SEARCH_PATHS = (
					"$(inherited)",
					"@executable_path/Frameworks",
					"@loader_path/Frameworks",
				);
				PRODUCT_BUNDLE_IDENTIFIER = com.kashishbhutani.CatchTheKennyTests;
				PRODUCT_NAME = "$(TARGET_NAME)";
				SWIFT_VERSION = 5.0;
				TARGETED_DEVICE_FAMILY = "1,2";
				TEST_HOST = "$(BUILT_PRODUCTS_DIR)/CatchTheKenny.app/CatchTheKenny";
			};
			name = Debug;
		};
		A5F24D43238C58F100936BCC /* Release */ = {
			isa = XCBuildConfiguration;
			buildSettings = {
				ALWAYS_EMBED_SWIFT_STANDARD_LIBRARIES = YES;
				BUNDLE_LOADER = "$(TEST_HOST)";
				CODE_SIGN_STYLE = Automatic;
				DEVELOPMENT_TEAM = K5JKW77GZA;
				INFOPLIST_FILE = CatchTheKennyTests/Info.plist;
				IPHONEOS_DEPLOYMENT_TARGET = 13.2;
				LD_RUNPATH_SEARCH_PATHS = (
					"$(inherited)",
					"@executable_path/Frameworks",
					"@loader_path/Frameworks",
				);
				PRODUCT_BUNDLE_IDENTIFIER = com.kashishbhutani.CatchTheKennyTests;
				PRODUCT_NAME = "$(TARGET_NAME)";
				SWIFT_VERSION = 5.0;
				TARGETED_DEVICE_FAMILY = "1,2";
				TEST_HOST = "$(BUILT_PRODUCTS_DIR)/CatchTheKenny.app/CatchTheKenny";
			};
			name = Release;
		};
		A5F24D45238C58F100936BCC /* Debug */ = {
			isa = XCBuildConfiguration;
			buildSettings = {
				ALWAYS_EMBED_SWIFT_STANDARD_LIBRARIES = YES;
				CODE_SIGN_STYLE = Automatic;
				DEVELOPMENT_TEAM = K5JKW77GZA;
				INFOPLIST_FILE = CatchTheKennyUITests/Info.plist;
				LD_RUNPATH_SEARCH_PATHS = (
					"$(inherited)",
					"@executable_path/Frameworks",
					"@loader_path/Frameworks",
				);
				PRODUCT_BUNDLE_IDENTIFIER = com.kashishbhutani.CatchTheKennyUITests;
				PRODUCT_NAME = "$(TARGET_NAME)";
				SWIFT_VERSION = 5.0;
				TARGETED_DEVICE_FAMILY = "1,2";
				TEST_TARGET_NAME = CatchTheKenny;
			};
			name = Debug;
		};
		A5F24D46238C58F100936BCC /* Release */ = {
			isa = XCBuildConfiguration;
			buildSettings = {
				ALWAYS_EMBED_SWIFT_STANDARD_LIBRARIES = YES;
				CODE_SIGN_STYLE = Automatic;
				DEVELOPMENT_TEAM = K5JKW77GZA;
				INFOPLIST_FILE = CatchTheKennyUITests/Info.plist;
				LD_RUNPATH_SEARCH_PATHS = (
					"$(inherited)",
					"@executable_path/Frameworks",
					"@loader_path/Frameworks",
				);
				PRODUCT_BUNDLE_IDENTIFIER = com.kashishbhutani.CatchTheKennyUITests;
				PRODUCT_NAME = "$(TARGET_NAME)";
				SWIFT_VERSION = 5.0;
				TARGETED_DEVICE_FAMILY = "1,2";
				TEST_TARGET_NAME = CatchTheKenny;
			};
			name = Release;
		};
/* End XCBuildConfiguration section */

/* Begin XCConfigurationList section */
		A5F24D0F238C58ED00936BCC /* Build configuration list for PBXProject "CatchTheKenny" */ = {
			isa = XCConfigurationList;
			buildConfigurations = (
				A5F24D3C238C58F100936BCC /* Debug */,
				A5F24D3D238C58F100936BCC /* Release */,
			);
			defaultConfigurationIsVisible = 0;
			defaultConfigurationName = Release;
		};
		A5F24D3E238C58F100936BCC /* Build configuration list for PBXNativeTarget "CatchTheKenny" */ = {
			isa = XCConfigurationList;
			buildConfigurations = (
				A5F24D3F238C58F100936BCC /* Debug */,
				A5F24D40238C58F100936BCC /* Release */,
			);
			defaultConfigurationIsVisible = 0;
			defaultConfigurationName = Release;
		};
		A5F24D41238C58F100936BCC /* Build configuration list for PBXNativeTarget "CatchTheKennyTests" */ = {
			isa = XCConfigurationList;
			buildConfigurations = (
				A5F24D42238C58F100936BCC /* Debug */,
				A5F24D43238C58F100936BCC /* Release */,
			);
			defaultConfigurationIsVisible = 0;
			defaultConfigurationName = Release;
		};
		A5F24D44238C58F100936BCC /* Build configuration list for PBXNativeTarget "CatchTheKennyUITests" */ = {
			isa = XCConfigurationList;
			buildConfigurations = (
				A5F24D45238C58F100936BCC /* Debug */,
				A5F24D46238C58F100936BCC /* Release */,
			);
			defaultConfigurationIsVisible = 0;
			defaultConfigurationName = Release;
		};
/* End XCConfigurationList section */
	};
	rootObject = A5F24D0C238C58ED00936BCC /* Project object */;
}
